
Microsoft Visual Studio Solution File, Format Version 12.00
# Visual Studio Version 16
VisualStudioVersion = 16.0.31205.134
MinimumVisualStudioVersion = 10.0.40219.1
Project("{9A19103F-16F7-4668-BE54-9A1E7A4F7556}") = "BusinessLogic", "BusinessLogic\BusinessLogic.csproj", "{E9823371-8A5C-4258-9534-D53C4D61DC4A}"
EndProject
Project("{FAE04EC0-301F-11D3-BF4B-00C04F79EFBC}") = "UserInterfase", "UserInterfase\UserInterfase.csproj", "{4138AD98-0DB9-4328-A7D3-FC56696CA821}"
EndProject
Project("{FAE04EC0-301F-11D3-BF4B-00C04F79EFBC}") = "BusinessLogicTests", "BusinessLogicTests\BusinessLogicTests.csproj", "{2BF24289-C4C2-4739-9E70-F0789F0256BA}"
EndProject
Global
	GlobalSection(SolutionConfigurationPlatforms) = preSolution
		Debug|Any CPU = Debug|Any CPU
		Release|Any CPU = Release|Any CPU
	EndGlobalSection
	GlobalSection(ProjectConfigurationPlatforms) = postSolution
		{E9823371-8A5C-4258-9534-D53C4D61DC4A}.Debug|Any CPU.ActiveCfg = Debug|Any CPU
		{E9823371-8A5C-4258-9534-D53C4D61DC4A}.Debug|Any CPU.Build.0 = Debug|Any CPU
		{E9823371-8A5C-4258-9534-D53C4D61DC4A}.Release|Any CPU.ActiveCfg = Release|Any CPU
		{E9823371-8A5C-4258-9534-D53C4D61DC4A}.Release|Any CPU.Build.0 = Release|Any CPU
		{4138AD98-0DB9-4328-A7D3-FC56696CA821}.Debug|Any CPU.ActiveCfg = Debug|Any CPU
		{4138AD98-0DB9-4328-A7D3-FC56696CA821}.Debug|Any CPU.Build.0 = Debug|Any CPU
		{4138AD98-0DB9-4328-A7D3-FC56696CA821}.Release|Any CPU.ActiveCfg = Release|Any CPU
		{4138AD98-0DB9-4328-A7D3-FC56696CA821}.Release|Any CPU.Build.0 = Release|Any CPU
		{2BF24289-C4C2-4739-9E70-F0789F0256BA}.Debug|Any CPU.ActiveCfg = Debug|Any CPU
		{2BF24289-C4C2-4739-9E70-F0789F0256BA}.Debug|Any CPU.Build.0 = Debug|Any CPU
		{2BF24289-C4C2-4739-9E70-F0789F0256BA}.Release|Any CPU.ActiveCfg = Release|Any CPU
		{2BF24289-C4C2-4739-9E70-F0789F0256BA}.Release|Any CPU.Build.0 = Release|Any CPU
	EndGlobalSection
	GlobalSection(SolutionProperties) = preSolution
		HideSolutionNode = FALSE
	EndGlobalSection
	GlobalSection(ExtensibilityGlobals) = postSolution
		SolutionGuid = {32B85986-9DE7-4F7F-995F-6EE998E9C517}
	EndGlobalSection
EndGlobal
